github.com/gethinode/mod-template v0.0.0-20260222034716-2158d9c3432f h1:D45zCOzWJIMb35c0k2J2TdDniRtMel6zG0/oHORfLq0=
github.com/gethinode/mod-template v0.0.0-20260222034716-2158d9c3432f/go.mod h1:6ofWqxiQMhTnI8U6mT3FrEUN1UZ0vcUcZyXVIny2CZs=
github.com/gethinode/mod-template v0.0.0-20260222064905-de8e9dac0f94 h1:QtCOOFa5XHSIjhnZKcoyP5NlQutckFzgDRFXIA3oSHA=
github.com/gethinode/mod-template v0.0.0-20260222064905-de8e9dac0f94/go.mod h1:6ofWqxiQMhTnI8U6mT3FrEUN1UZ0vcUcZyXVIny2CZs=
github.com/gethinode/mod-template v0.0.0-20260223034959-f17c1ac79541 h1:rage78l8Nnqsrh+GpYiE7tV8/FdEvTeFgUrI3HdbpBI=
github.com/gethinode/mod-template v0.0.0-20260223034959-f17c1ac79541/go.mod h1:6ofWqxiQMhTnI8U6mT3FrEUN1UZ0vcUcZyXVIny2CZs=
github.com/gethinode/mod-template v0.0.0-20260224034749-61de4ebb41ed h1:Awy/k2XtIYoB+isLDAEwGJHNNj9/LwgsdV7BAR85Jps=
github.com/gethinode/mod-template v0.0.0-20260224034749-61de4ebb41ed/go.mod h1:6ofWqxiQMhTnI8U6mT3FrEUN1UZ0vcUcZyXVIny2CZs=
github.com/gethinode/mod-template v0.0.0-20260226033314-cd6e123b5c75 h1:h2STMbquYgdQxe9tCGVaXiCzXiC38eumsV8k9wI4Skg=
github.com/gethinode/mod-template v0.0.0-20260226033314-cd6e123b5c75/go.mod h1:6ofWqxiQMhTnI8U6mT3FrEUN1UZ0vcUcZyXVIny2CZs=
github.com/gethinode/mod-template v0.0.0-20260226034646-773640fe23ea h1:jAwoQYi+I4unu5jc1rL4KUQGE8+fAQFMSiyh8CILv0U=
github.com/gethinode/mod-template v0.0.0-20260226034646-773640fe23ea/go.mod h1:6ofWqxiQMhTnI8U6mT3FrEUN1UZ0vcUcZyXVIny2CZs=
github.com/gethinode/mod-template v0.0.0-20260227034542-736a12a9a2e8 h1:apI5aWZPmRducsgEa51YYW/+h3Ls7cwgkYKMWY3H0Hs=
github.com/gethinode/mod-template v0.0.0-20260227034542-736a12a9a2e8/go.mod h1:6ofWqxiQMhTnI8U6mT3FrEUN1UZ0vcUcZyXVIny2CZs=
github.com/gethinode/mod-template v0.0.0-20260228033455-096831bdbcee h1:nimjEQB8ULkpyJjvAyaaHz4wP3i3mcRjcyLOabzaquY=
github.com/gethinode/mod-template v0.0.0-20260228033455-096831bdbcee/go.mod h1:6ofWqxiQMhTnI8U6mT3FrEUN1UZ0vcUcZyXVIny2CZs=
github.com/gethinode/mod-template v0.0.0-20260301035013-cbf8a315489a h1:vwYkq0bUIPSL/oU4hvK8Z/XBAYiGdUnupv1CE0M4Ndc=
github.com/gethinode/mod-template v0.0.0-20260301035013-cbf8a315489a/go.mod h1:6ofWqxiQMhTnI8U6mT3FrEUN1UZ0vcUcZyXVIny2CZs=
github.com/gethinode/mod-template v0.0.0-20260302034606-b913f3b5c6f6 h1:2MqXfmDRu+XMaU00QnMBfozBiNn+hvk4Nm3ywwqygf0=
github.com/gethinode/mod-template v0.0.0-20260302034606-b913f3b5c6f6/go.mod h1:6ofWqxiQMhTnI8U6mT3FrEUN1UZ0vcUcZyXVIny2CZs=
github.com/gethinode/mod-template v0.0.0-20260304033443-6d01315abbdf h1:c9k2SWjew9drsyRlMmIpcr68elr4kJdbpoKBjGsh9io=
github.com/gethinode/mod-template v0.0.0-20260304033443-6d01315abbdf/go.mod h1:6ofWqxiQMhTnI8U6mT3FrEUN1UZ0vcUcZyXVIny2CZs=
github.com/gethinode/mod-template v0.0.0-20260304034440-17fbcdb05a37 h1:daQ8DED88+M2VHC9xSxZiXo212RjFB3Ims79BPptmEM=
github.com/gethinode/mod-template v0.0.0-20260304034440-17fbcdb05a37/go.mod h1:6ofWqxiQMhTnI8U6mT3FrEUN1UZ0vcUcZyXVIny2CZs=
github.com/gethinode/mod-template v0.0.0-20260305034615-00c6ca74e833 h1:0JB4Ey8PWT58Hwyjstn/KhFpKqtT3grP+4ajDxErDEc=
github.com/gethinode/mod-template v0.0.0-20260305034615-00c6ca74e833/go.mod h1:6ofWqxiQMhTnI8U6mT3FrEUN1UZ0vcUcZyXVIny2CZs=
github.com/gethinode/mod-template v0.0.0-20260306034518-f691e9f2d1b8 h1:PdjeHcp+4jlg1ZECYxiis7NUKy8d+6iCXoBIO3MWi5I=
github.com/gethinode/mod-template v0.0.0-20260306034518-f691e9f2d1b8/go.mod h1:6ofWqxiQMhTnI8U6mT3FrEUN1UZ0vcUcZyXVIny2CZs=
github.com/gethinode/mod-template v0.0.0-20260307033819-c17b3eb69fa4 h1:ZHk+3T512jllXmujCnuu4xm1g/k+nXC2eTDhs/E+hVI=
github.com/gethinode/mod-template v0.0.0-20260307033819-c17b3eb69fa4/go.mod h1:6ofWqxiQMhTnI8U6mT3FrEUN1UZ0vcUcZyXVIny2CZs=
github.com/gethinode/mod-template v0.0.0-20260308034520-62653aee0536 h1:qONZ0ppUtgdHyALHm4Xj6EHzBjIDK6xIHyq5kWuwRcQ=
github.com/gethinode/mod-template v0.0.0-20260308034520-62653aee0536/go.mod h1:6ofWqxiQMhTnI8U6mT3FrEUN1UZ0vcUcZyXVIny2CZs=
github.com/gethinode/mod-template v0.0.0-20260309034642-5e7ff0cb7a07 h1:eBc8BiBtoPF1M6fzNsxNScL9GylveHGQ5Gncl8QS2MQ=
github.com/gethinode/mod-template v0.0.0-20260309034642-5e7ff0cb7a07/go.mod h1:6ofWqxiQMhTnI8U6mT3FrEUN1UZ0vcUcZyXVIny2CZs=
github.com/gethinode/mod-template v0.0.0-20260310034432-aaac90033b3c h1:Q3GHZMU/Wi8NDNkDXkvGift55rxM0a2MkcLyLPttmrY=
github.com/gethinode/mod-template v0.0.0-20260310034432-aaac90033b3c/go.mod h1:6ofWqxiQMhTnI8U6mT3FrEUN1UZ0vcUcZyXVIny2CZs=
github.com/gethinode/mod-template v0.0.0-20260311034437-29206503eeab h1:VxdscjC/RBSLBGdOtR4v7Aky79U1iOpHHwmSstZaA7s=
github.com/gethinode/mod-template v0.0.0-20260311034437-29206503eeab/go.mod h1:6ofWqxiQMhTnI8U6mT3FrEUN1UZ0vcUcZyXVIny2CZs=
github.com/gethinode/mod-template v0.0.0-20260313033456-c31ad256cc67 h1:Wbb62aVuZSSCd+diNhZguUqq5+/XxmiyyDIUDzVsLfk=
github.com/gethinode/mod-template v0.0.0-20260313033456-c31ad256cc67/go.mod h1:6ofWqxiQMhTnI8U6mT3FrEUN1UZ0vcUcZyXVIny2CZs=
github.com/gethinode/mod-template v0.0.0-20260313034600-b33eb63d1b67 h1:IBuJsaX6t3gpMRxSdZ+cAQ8HYdEBL3wYqXwES/VT2h0=
github.com/gethinode/mod-template v0.0.0-20260313034600-b33eb63d1b67/go.mod h1:6ofWqxiQMhTnI8U6mT3FrEUN1UZ0vcUcZyXVIny2CZs=
github.com/gethinode/mod-template v0.0.0-20260314034510-6772c0b25c90 h1:uLD/vmhtK8GXELwrHvgG0nH8DxGpkpfz68/TMgXCrCk=
github.com/gethinode/mod-template v0.0.0-20260314034510-6772c0b25c90/go.mod h1:6ofWqxiQMhTnI8U6mT3FrEUN1UZ0vcUcZyXVIny2CZs=
github.com/gethinode/mod-template v0.0.0-20260316033440-ab6bf76f8081 h1:7aByVWUpnAnR0UHBoMrFowBVKHzPwHQaSPpRJMMQlBk=
github.com/gethinode/mod-template v0.0.0-20260316033440-ab6bf76f8081/go.mod h1:6ofWqxiQMhTnI8U6mT3FrEUN1UZ0vcUcZyXVIny2CZs=
github.com/gethinode/mod-template v0.0.0-20260317033309-db88fe6e7531 h1:y5FTHEMRuTbOjXbx/xeBj8SJ9yk3VEJXlMScCW9VyBY=
github.com/gethinode/mod-template v0.0.0-20260317033309-db88fe6e7531/go.mod h1:6ofWqxiQMhTnI8U6mT3FrEUN1UZ0vcUcZyXVIny2CZs=
github.com/gethinode/mod-template v0.0.0-20260317034712-454ed8aa8532 h1:9HHbeBjQplvkt9aeXQa7gTNMyrgjWslF4ewVRRg0ahY=
github.com/gethinode/mod-template v0.0.0-20260317034712-454ed8aa8532/go.mod h1:6ofWqxiQMhTnI8U6mT3FrEUN1UZ0vcUcZyXVIny2CZs=
github.com/gethinode/mod-template v0.0.0-20260318035042-989e1f523543 h1:4hTT44EGUhc1ZyojiyRwUM6gnRDUhZ5a1xqa6MWteUs=
github.com/gethinode/mod-template v0.0.0-20260318035042-989e1f523543/go.mod h1:6ofWqxiQMhTnI8U6mT3FrEUN1UZ0vcUcZyXVIny2CZs=
github.com/gethinode/mod-template v0.0.0-20260319035000-e680edc69314 h1:tvDwBEnhzggc8pPH7VgbbPwMS2ywDllyHsfqR35h6AI=
github.com/gethinode/mod-template v0.0.0-20260319035000-e680edc69314/go.mod h1:6ofWqxiQMhTnI8U6mT3FrEUN1UZ0vcUcZyXVIny2CZs=
github.com/gethinode/mod-template v0.0.0-20260320034606-748eb8e72187 h1:qSChkTFJaSi5vhABFzQC3O3DbmWwJ1c9q9kx/g27gYQ=
github.com/gethinode/mod-template v0.0.0-20260320034606-748eb8e72187/go.mod h1:6ofWqxiQMhTnI8U6mT3FrEUN1UZ0vcUcZyXVIny2CZs=
github.com/gethinode/mod-template v0.0.0-20260321034210-b936e3fc6f46 h1:1Rur5uPEsnntH2+2MW920UxG0sQDWxZZI4SfjeKmm1M=
github.com/gethinode/mod-template v0.0.0-20260321034210-b936e3fc6f46/go.mod h1:6ofWqxiQMhTnI8U6mT3FrEUN1UZ0vcUcZyXVIny2CZs=
github.com/gethinode/mod-template v0.0.0-20260322034812-78a1be48061c h1:1f0PpEnMnDIXuBL6IjkPc1cZCzcmXI36zs0CAziWLvQ=
github.com/gethinode/mod-template v0.0.0-20260322034812-78a1be48061c/go.mod h1:6ofWqxiQMhTnI8U6mT3FrEUN1UZ0vcUcZyXVIny2CZs=
github.com/gethinode/mod-template v0.0.0-20260323035243-4f6949a412b2 h1:EyzkAGraI7XEOknJUj9/Hk1rlzvw3/QqonmdQAQo3pg=
github.com/gethinode/mod-template v0.0.0-20260323035243-4f6949a412b2/go.mod h1:6ofWqxiQMhTnI8U6mT3FrEUN1UZ0vcUcZyXVIny2CZs=
github.com/gethinode/mod-template v0.0.0-20260324034654-e846ae385bab h1:4ZYTESDtz35rko3SKYZ8Qsv+tFrP69s62mADKpU74rY=
github.com/gethinode/mod-template v0.0.0-20260324034654-e846ae385bab/go.mod h1:6ofWqxiQMhTnI8U6mT3FrEUN1UZ0vcUcZyXVIny2CZs=
github.com/gethinode/mod-template v0.0.0-20260325034757-3a815a720691 h1:8avMuWjMExnLn4qB/aKz3AZWniIsa2BjLzFCxyyGObQ=
github.com/gethinode/mod-template v0.0.0-20260325034757-3a815a720691/go.mod h1:6ofWqxiQMhTnI8U6mT3FrEUN1UZ0vcUcZyXVIny2CZs=
github.com/gethinode/mod-template v0.0.0-20260326235344-ddb7f5636cae h1:SaWBrbACaojNwMyQ6aqKk//cXL9srMliP6tdccMRRaw=
github.com/gethinode/mod-template v0.0.0-20260326235344-ddb7f5636cae/go.mod h1:6ofWqxiQMhTnI8U6mT3FrEUN1UZ0vcUcZyXVIny2CZs=
github.com/gethinode/mod-template v0.0.0-20260327035612-e43a63883caa h1:71nO1jfxFUysPaIkTUArSTyCnaPFK8uDUSW1283EQfk=
github.com/gethinode/mod-template v0.0.0-20260327035612-e43a63883caa/go.mod h1:6ofWqxiQMhTnI8U6mT3FrEUN1UZ0vcUcZyXVIny2CZs=
github.com/gethinode/mod-template v0.0.0-20260328034718-7dc50d85aa50 h1:x2C12RsFfUvTSDMmWet5WN64EnOcjBoDs/QpDBYein8=
github.com/gethinode/mod-template v0.0.0-20260328034718-7dc50d85aa50/go.mod h1:6ofWqxiQMhTnI8U6mT3FrEUN1UZ0vcUcZyXVIny2CZs=
github.com/gethinode/mod-template v0.0.0-20260329035945-360319cb550b h1:OtJpx2mCz6zBqxjiqRdHevyR0SHn7X+96xkc15q6+Fs=
github.com/gethinode/mod-template v0.0.0-20260329035945-360319cb550b/go.mod h1:6ofWqxiQMhTnI8U6mT3FrEUN1UZ0vcUcZyXVIny2CZs=
github.com/gethinode/mod-template v0.0.0-20260330035952-19cb469816a7 h1:wUJ5nyEIiL9WTtlhPgXpasjlKtVTJLSFmRqh3seG1q0=
github.com/gethinode/mod-template v0.0.0-20260330035952-19cb469816a7/go.mod h1:6ofWqxiQMhTnI8U6mT3FrEUN1UZ0vcUcZyXVIny2CZs=
github.com/gethinode/mod-template v0.0.0-20260331035638-17d205d68c45 h1:kEjjNLMCrN7U2E1ncUCNsp9gxiD15WGqZePuaGYOCto=
github.com/gethinode/mod-template v0.0.0-20260331035638-17d205d68c45/go.mod h1:6ofWqxiQMhTnI8U6mT3FrEUN1UZ0vcUcZyXVIny2CZs=
github.com/gethinode/mod-template v0.0.0-20260401040136-e20188e63b0d h1:daMP27Vfw+p2fJ3WM+9vdSdCE+xCmp9i5PbiutrOaZo=
github.com/gethinode/mod-template v0.0.0-20260401040136-e20188e63b0d/go.mod h1:6ofWqxiQMhTnI8U6mT3FrEUN1UZ0vcUcZyXVIny2CZs=
github.com/gethinode/mod-template v0.0.0-20260403033316-96b71e4bb643 h1:RLTVMbZA0kC43gUpM6TJtLnRakc/O6TTSJFCVE+aZvk=
github.com/gethinode/mod-template v0.0.0-20260403033316-96b71e4bb643/go.mod h1:6ofWqxiQMhTnI8U6mT3FrEUN1UZ0vcUcZyXVIny2CZs=
github.com/gethinode/mod-template v0.0.0-20260403035434-9e868e0a1c08 h1:uOkZPX1bIf6x+AWj+IHsofMWS7YET0cKsiyyPDFRZqI=
github.com/gethinode/mod-template v0.0.0-20260403035434-9e868e0a1c08/go.mod h1:6ofWqxiQMhTnI8U6mT3FrEUN1UZ0vcUcZyXVIny2CZs=
github.com/gethinode/mod-template v0.0.0-20260404034654-07b28fa662a3 h1:l0sscR/8mKktYdIRSelOwWF3zRn4gExuEQ0uvp1HqQ0=
github.com/gethinode/mod-template v0.0.0-20260404034654-07b28fa662a3/go.mod h1:6ofWqxiQMhTnI8U6mT3FrEUN1UZ0vcUcZyXVIny2CZs=
github.com/gethinode/mod-template v0.0.0-20260406033336-dc3e78a22ebd h1:iEvOc+w6oqpBZkgrfC0WJ0IwzFhevbDMQu9OJ3uUbt4=
github.com/gethinode/mod-template v0.0.0-20260406033336-dc3e78a22ebd/go.mod h1:6ofWqxiQMhTnI8U6mT3FrEUN1UZ0vcUcZyXVIny2CZs=
github.com/gethinode/mod-template v0.0.0-20260406040007-54a91cbec7b9 h1:oXc9wFYH3oKICwkdztiqzBGbHOGf1b4KKCYD9dh+fGI=
github.com/gethinode/mod-template v0.0.0-20260406040007-54a91cbec7b9/go.mod h1:6ofWqxiQMhTnI8U6mT3FrEUN1UZ0vcUcZyXVIny2CZs=
