github.com/gethinode/mod-template v0.0.0-20260222034716-2158d9c3432f h1:D45zCOzWJIMb35c0k2J2TdDniRtMel6zG0/oHORfLq0=
github.com/gethinode/mod-template v0.0.0-20260222034716-2158d9c3432f/go.mod h1:6ofWqxiQMhTnI8U6mT3FrEUN1UZ0vcUcZyXVIny2CZs=
github.com/gethinode/mod-template v0.0.0-20260222064905-de8e9dac0f94 h1:QtCOOFa5XHSIjhnZKcoyP5NlQutckFzgDRFXIA3oSHA=
github.com/gethinode/mod-template v0.0.0-20260222064905-de8e9dac0f94/go.mod h1:6ofWqxiQMhTnI8U6mT3FrEUN1UZ0vcUcZyXVIny2CZs=
